
Microsoft Visual Studio Solution File, Format Version 12.00
# Visual Studio Version 16
VisualStudioVersion = 16.0.31129.286
MinimumVisualStudioVersion = 10.0.40219.1
Project("{9A19103F-16F7-4668-BE54-9A1E7A4F7556}") = "RectPost", "RectPost.csproj", "{50C83484-2DDF-4F04-979A-BF2A4DEFCBE0}"
EndProject
Global
	GlobalSection(SolutionConfigurationPlatforms) = preSolution
		Debug|Any CPU = Debug|Any CPU
		Release|Any CPU = Release|Any CPU
	EndGlobalSection
	GlobalSection(ProjectConfigurationPlatforms) = postSolution
		{50C83484-2DDF-4F04-979A-BF2A4DEFCBE0}.Debug|Any CPU.ActiveCfg = Debug|Any CPU
		{50C83484-2DDF-4F04-979A-BF2A4DEFCBE0}.Debug|Any CPU.Build.0 = Debug|Any CPU
		{50C83484-2DDF-4F04-979A-BF2A4DEFCBE0}.Release|Any CPU.ActiveCfg = Release|Any CPU
		{50C83484-2DDF-4F04-979A-BF2A4DEFCBE0}.Release|Any CPU.Build.0 = Release|Any CPU
	EndGlobalSection
	GlobalSection(SolutionProperties) = preSolution
		HideSolutionNode = FALSE
	EndGlobalSection
	GlobalSection(ExtensibilityGlobals) = postSolution
		SolutionGuid = {FB765AFE-E9AC-4C89-856C-11D96CD4760F}
	EndGlobalSection
EndGlobal
